// !$*UTF8*$!
{
	archiveVersion = 1;
	classes = {
	};
	objectVersion = 46;
	objects = {

/* Begin PBXBuildFile section */
		94EDC6FB1F0941B300C6D71C /* AppDelegate.swift in Sources */ = {isa = PBXBuildFile; fileRef = 94EDC6FA1F0941B300C6D71C /* AppDelegate.swift */; };
		94EDC6FD1F0941B300C6D71C /* ViewController.swift in Sources */ = {isa = PBXBuildFile; fileRef = 94EDC6FC1F0941B300C6D71C /* ViewController.swift */; };
		94EDC7001F0941B300C6D71C /* Main.storyboard in Resources */ = {isa = PBXBuildFile; fileRef = 94EDC6FE1F0941B300C6D71C /* Main.storyboard */; };
		94EDC7021F0941B300C6D71C /* Assets.xcassets in Resources */ = {isa = PBXBuildFile; fileRef = 94EDC7011F0941B300C6D71C /* Assets.xcassets */; };
		94EDC7051F0941B300C6D71C /* LaunchScreen.storyboard in Resources */ = {isa = PBXBuildFile; fileRef = 94EDC7031F0941B300C6D71C /* LaunchScreen.storyboard */; };
		94EDC7121F09449900C6D71C /* chimpanzee.mp3 in Resources */ = {isa = PBXBuildFile; fileRef = 94EDC70D1F09449900C6D71C /* chimpanzee.mp3 */; };
		94EDC7131F09449900C6D71C /* cricket.mp3 in Resources */ = {isa = PBXBuildFile; fileRef = 94EDC70E1F09449900C6D71C /* cricket.mp3 */; };
		94EDC7141F09449900C6D71C /* dog1.mp3 in Resources */ = {isa = PBXBuildFile; fileRef = 94EDC70F1F09449900C6D71C /* dog1.mp3 */; };
		94EDC7151F09449900C6D71C /* squirrel.mp3 in Resources */ = {isa = PBXBuildFile; fileRef = 94EDC7101F09449900C6D71C /* squirrel.mp3 */; };
		94EDC7161F09449900C6D71C /* toad.mp3 in Resources */ = {isa = PBXBuildFile; fileRef = 94EDC7111F09449900C6D71C /* toad.mp3 */; };
/* End PBXBuildFile section */

/* Begin PBXFileReference section */
		94EDC6F71F0941B300C6D71C /* Sound Shaker.app */ = {isa = PBXFileReference; explicitFileType = wrapper.application; includeInIndex = 0; path = "Sound Shaker.app"; sourceTree = BUILT_PRODUCTS_DIR; };
		94EDC6FA1F0941B300C6D71C /* AppDelegate.swift */ = {isa = PBXFileReference; lastKnownFileType = sourcecode.swift; path = AppDelegate.swift; sourceTree = "<group>"; };
		94EDC6FC1F0941B300C6D71C /* ViewController.swift */ = {isa = PBXFileReference; lastKnownFileType = sourcecode.swift; path = ViewController.swift; sourceTree = "<group>"; };
		94EDC6FF1F0941B300C6D71C /* Base */ = {isa = PBXFileReference; lastKnownFileType = file.storyboard; name = Base; path = Base.lproj/Main.storyboard; sourceTree = "<group>"; };
		94EDC7011F0941B300C6D71C /* Assets.xcassets */ = {isa = PBXFileReference; lastKnownFileType = folder.assetcatalog; path = Assets.xcassets; sourceTree = "<group>"; };
		94EDC7041F0941B300C6D71C /* Base */ = {isa = PBXFileReference; lastKnownFileType = file.storyboard; name = Base; path = Base.lproj/LaunchScreen.storyboard; sourceTree = "<group>"; };
		94EDC7061F0941B300C6D71C /* Info.plist */ = {isa = PBXFileReference; lastKnownFileType = text.plist.xml; path = Info.plist; sourceTree = "<group>"; };
		94EDC70D1F09449900C6D71C /* chimpanzee.mp3 */ = {isa = PBXFileReference; lastKnownFileType = audio.mp3; path = chimpanzee.mp3; sourceTree = "<group>"; };
		94EDC70E1F09449900C6D71C /* cricket.mp3 */ = {isa = PBXFileReference; lastKnownFileType = audio.mp3; path = cricket.mp3; sourceTree = "<group>"; };
		94EDC70F1F09449900C6D71C /* dog1.mp3 */ = {isa = PBXFileReference; lastKnownFileType = audio.mp3; path = dog1.mp3; sourceTree = "<group>"; };
		94EDC7101F09449900C6D71C /* squirrel.mp3 */ = {isa = PBXFileReference; lastKnownFileType = audio.mp3; path = squirrel.mp3; sourceTree = "<group>"; };
		94EDC7111F09449900C6D71C /* toad.mp3 */ = {isa = PBXFileReference; lastKnownFileType = audio.mp3; path = toad.mp3; sourceTree = "<group>"; };
/* End PBXFileReference section */

/* Begin PBXFrameworksBuildPhase section */
		94EDC6F41F0941B300C6D71C /* Frameworks */ = {
			isa = PBXFrameworksBuildPhase;
			buildActionMask = 2147483647;
			files = (
			);
			runOnlyForDeploymentPostprocessing = 0;
		};
/* End PBXFrameworksBuildPhase section */

/* Begin PBXGroup section */
		94EDC6EE1F0941B300C6D71C = {
			isa = PBXGroup;
			children = (
				94EDC6F91F0941B300C6D71C /* Sound Shaker */,
				94EDC6F81F0941B300C6D71C /* Products */,
			);
			sourceTree = "<group>";
		};
		94EDC6F81F0941B300C6D71C /* Products */ = {
			isa = PBXGroup;
			children = (
				94EDC6F71F0941B300C6D71C /* Sound Shaker.app */,
			);
			name = Products;
			sourceTree = "<group>";
		};
		94EDC6F91F0941B300C6D71C /* Sound Shaker */ = {
			isa = PBXGroup;
			children = (
				94EDC70C1F09449900C6D71C /* Sounds */,
				94EDC6FA1F0941B300C6D71C /* AppDelegate.swift */,
				94EDC6FC1F0941B300C6D71C /* ViewController.swift */,
				94EDC6FE1F0941B300C6D71C /* Main.storyboard */,
				94EDC7011F0941B300C6D71C /* Assets.xcassets */,
				94EDC7031F0941B300C6D71C /* LaunchScreen.storyboard */,
				94EDC7061F0941B300C6D71C /* Info.plist */,
			);
			path = "Sound Shaker";
			sourceTree = "<group>";
		};
		94EDC70C1F09449900C6D71C /* Sounds */ = {
			isa = PBXGroup;
			children = (
				94EDC70D1F09449900C6D71C /* chimpanzee.mp3 */,
				94EDC70E1F09449900C6D71C /* cricket.mp3 */,
				94EDC70F1F09449900C6D71C /* dog1.mp3 */,
				94EDC7101F09449900C6D71C /* squirrel.mp3 */,
				94EDC7111F09449900C6D71C /* toad.mp3 */,
			);
			path = Sounds;
			sourceTree = "<group>";
		};
/* End PBXGroup section */

/* Begin PBXNativeTarget section */
		94EDC6F61F0941B300C6D71C /* Sound Shaker */ = {
			isa = PBXNativeTarget;
			buildConfigurationList = 94EDC7091F0941B300C6D71C /* Build configuration list for PBXNativeTarget "Sound Shaker" */;
			buildPhases = (
				94EDC6F31F0941B300C6D71C /* Sources */,
				94EDC6F41F0941B300C6D71C /* Frameworks */,
				94EDC6F51F0941B300C6D71C /* Resources */,
			);
			buildRules = (
			);
			dependencies = (
			);
			name = "Sound Shaker";
			productName = "Sound Shaker";
			productReference = 94EDC6F71F0941B300C6D71C /* Sound Shaker.app */;
			productType = "com.apple.product-type.application";
		};
/* End PBXNativeTarget section */

/* Begin PBXProject section */
		94EDC6EF1F0941B300C6D71C /* Project object */ = {
			isa = PBXProject;
			attributes = {
				LastSwiftUpdateCheck = 0820;
				LastUpgradeCheck = 0820;
				ORGANIZATIONNAME = "Jothi R";
				TargetAttributes = {
					94EDC6F61F0941B300C6D71C = {
						CreatedOnToolsVersion = 8.2.1;
						ProvisioningStyle = Automatic;
					};
				};
			};
			buildConfigurationList = 94EDC6F21F0941B300C6D71C /* Build configuration list for PBXProject "Sound Shaker" */;
			compatibilityVersion = "Xcode 3.2";
			developmentRegion = English;
			hasScannedForEncodings = 0;
			knownRegions = (
				en,
				Base,
			);
			mainGroup = 94EDC6EE1F0941B300C6D71C;
			productRefGroup = 94EDC6F81F0941B300C6D71C /* Products */;
			projectDirPath = "";
			projectRoot = "";
			targets = (
				94EDC6F61F0941B300C6D71C /* Sound Shaker */,
			);
		};
/* End PBXProject section */

/* Begin PBXResourcesBuildPhase section */
		94EDC6F51F0941B300C6D71C /* Resources */ = {
			isa = PBXResourcesBuildPhase;
			buildActionMask = 2147483647;
			files = (
				94EDC7121F09449900C6D71C /* chimpanzee.mp3 in Resources */,
				94EDC7051F0941B300C6D71C /* LaunchScreen.storyboard in Resources */,
				94EDC7021F0941B300C6D71C /* Assets.xcassets in Resources */,
				94EDC7151F09449900C6D71C /* squirrel.mp3 in Resources */,
				94EDC7131F09449900C6D71C /* cricket.mp3 in Resources */,
				94EDC7001F0941B300C6D71C /* Main.storyboard in Resources */,
				94EDC7161F09449900C6D71C /* toad.mp3 in Resources */,
				94EDC7141F09449900C6D71C /* dog1.mp3 in Resources */,
			);
			runOnlyForDeploymentPostprocessing = 0;
		};
/* End PBXResourcesBuildPhase section */

/* Begin PBXSourcesBuildPhase section */
		94EDC6F31F0941B300C6D71C /* Sources */ = {
			isa = PBXSourcesBuildPhase;
			buildActionMask = 2147483647;
			files = (
				94EDC6FD1F0941B300C6D71C /* ViewController.swift in Sources */,
				94EDC6FB1F0941B300C6D71C /* AppDelegate.swift in Sources */,
			);
			runOnlyForDeploymentPostprocessing = 0;
		};
/* End PBXSourcesBuildPhase section */

/* Begin PBXVariantGroup section */
		94EDC6FE1F0941B300C6D71C /* Main.storyboard */ = {
			isa = PBXVariantGroup;
			children = (
				94EDC6FF1F0941B300C6D71C /* Base */,
			);
			name = Main.storyboard;
			sourceTree = "<group>";
		};
		94EDC7031F0941B300C6D71C /* LaunchScreen.storyboard */ = {
			isa = PBXVariantGroup;
			children = (
				94EDC7041F0941B300C6D71C /* Base */,
			);
			name = LaunchScreen.storyboard;
			sourceTree = "<group>";
		};
/* End PBXVariantGroup section */

/* Begin XCBuildConfiguration section */
		94EDC7071F0941B300C6D71C /* Debug */ = {
			isa = XCBuildConfiguration;
			buildSettings = {
				ALWAYS_SEARCH_USER_PATHS = NO;
				CLANG_ANALYZER_NONNULL = YES;
				CLANG_CXX_LANGUAGE_STANDARD = "gnu++0x";
				CLANG_CXX_LIBRARY = "libc++";
				CLANG_ENABLE_MODULES = YES;
				CLANG_ENABLE_OBJC_ARC = YES;
				CLANG_WARN_BOOL_CONVERSION = YES;
				CLANG_WARN_CONSTANT_CONVERSION = YES;
				CLANG_WARN_DIRECT_OBJC_ISA_USAGE = YES_ERROR;
				CLANG_WARN_DOCUMENTATION_COMMENTS = YES;
				CLANG_WARN_EMPTY_BODY = YES;
				CLANG_WARN_ENUM_CONVERSION = YES;
				CLANG_WARN_INFINITE_RECURSION = YES;
				CLANG_WARN_INT_CONVERSION = YES;
				CLANG_WARN_OBJC_ROOT_CLASS = YES_ERROR;
				CLANG_WARN_SUSPICIOUS_MOVE = YES;
				CLANG_WARN_UNREACHABLE_CODE = YES;
				CLANG_WARN__DUPLICATE_METHOD_MATCH = YES;
				"CODE_SIGN_IDENTITY[sdk=iphoneos*]" = "iPhone Developer";
				COPY_PHASE_STRIP = NO;
				DEBUG_INFORMATION_FORMAT = dwarf;
				ENABLE_STRICT_OBJC_MSGSEND = YES;
				ENABLE_TESTABILITY = YES;
				GCC_C_LANGUAGE_STANDARD = gnu99;
				GCC_DYNAMIC_NO_PIC = NO;
				GCC_NO_COMMON_BLOCKS = YES;
				GCC_OPTIMIZATION_LEVEL = 0;
				GCC_PREPROCESSOR_DEFINITIONS = (
					"DEBUG=1",
					"$(inherited)",
				);
				GCC_WARN_64_TO_32_BIT_CONVERSION = YES;
				GCC_WARN_ABOUT_RETURN_TYPE = YES_ERROR;
				GCC_WARN_UNDECLARED_SELECTOR = YES;
				GCC_WARN_UNINITIALIZED_AUTOS = YES_AGGRESSIVE;
				GCC_WARN_UNUSED_FUNCTION = YES;
				GCC_WARN_UNUSED_VARIABLE = YES;
				IPHONEOS_DEPLOYMENT_TARGET = 10.2;
				MTL_ENABLE_DEBUG_INFO = YES;
				ONLY_ACTIVE_ARCH = YES;
				SDKROOT = iphoneos;
				SWIFT_ACTIVE_COMPILATION_CONDITIONS = DEBUG;
				SWIFT_OPTIMIZATION_LEVEL = "-Onone";
				TARGETED_DEVICE_FAMILY = "1,2";
			};
			name = Debug;
		};
		94EDC7081F0941B300C6D71C /* Release */ = {
			isa = XCBuildConfiguration;
			buildSettings = {
				ALWAYS_SEARCH_USER_PATHS = NO;
				CLANG_ANALYZER_NONNULL = YES;
				CLANG_CXX_LANGUAGE_STANDARD = "gnu++0x";
				CLANG_CXX_LIBRARY = "libc++";
				CLANG_ENABLE_MODULES = YES;
				CLANG_ENABLE_OBJC_ARC = YES;
				CLANG_WARN_BOOL_CONVERSION = YES;
				CLANG_WARN_CONSTANT_CONVERSION = YES;
				CLANG_WARN_DIRECT_OBJC_ISA_USAGE = YES_ERROR;
				CLANG_WARN_DOCUMENTATION_COMMENTS = YES;
				CLANG_WARN_EMPTY_BODY = YES;
				CLANG_WARN_ENUM_CONVERSION = YES;
				CLANG_WARN_INFINITE_RECURSION = YES;
				CLANG_WARN_INT_CONVERSION = YES;
				CLANG_WARN_OBJC_ROOT_CLASS = YES_ERROR;
				CLANG_WARN_SUSPICIOUS_MOVE = YES;
				CLANG_WARN_UNREACHABLE_CODE = YES;
				CLANG_WARN__DUPLICATE_METHOD_MATCH = YES;
				"CODE_SIGN_IDENTITY[sdk=iphoneos*]" = "iPhone Developer";
				COPY_PHASE_STRIP = NO;
				DEBUG_INFORMATION_FORMAT = "dwarf-with-dsym";
				ENABLE_NS_ASSERTIONS = NO;
				ENABLE_STRICT_OBJC_MSGSEND = YES;
				GCC_C_LANGUAGE_STANDARD = gnu99;
				GCC_NO_COMMON_BLOCKS = YES;
				GCC_WARN_64_TO_32_BIT_CONVERSION = YES;
				GCC_WARN_ABOUT_RETURN_TYPE = YES_ERROR;
				GCC_WARN_UNDECLARED_SELECTOR = YES;
				GCC_WARN_UNINITIALIZED_AUTOS = YES_AGGRESSIVE;
				GCC_WARN_UNUSED_FUNCTION = YES;
				GCC_WARN_UNUSED_VARIABLE = YES;
				IPHONEOS_DEPLOYMENT_TARGET = 10.2;
				MTL_ENABLE_DEBUG_INFO = NO;
				SDKROOT = iphoneos;
				SWIFT_OPTIMIZATION_LEVEL = "-Owholemodule";
				TARGETED_DEVICE_FAMILY = "1,2";
				VALIDATE_PRODUCT = YES;
			};
			name = Release;
		};
		94EDC70A1F0941B300C6D71C /* Debug */ = {
			isa = XCBuildConfiguration;
			buildSettings = {
				ASSETCATALOG_COMPILER_APPICON_NAME = AppIcon;
				INFOPLIST_FILE = "Sound Shaker/Info.plist";
				LD_RUNPATH_SEARCH_PATHS = "$(inherited) @executable_path/Frameworks";
				PRODUCT_BUNDLE_IDENTIFIER = "com.jothi.Sound-Shaker";
				PRODUCT_NAME = "$(TARGET_NAME)";
				SWIFT_VERSION = 3.0;
			};
			name = Debug;
		};
		94EDC70B1F0941B300C6D71C /* Release */ = {
			isa = XCBuildConfiguration;
			buildSettings = {
				ASSETCATALOG_COMPILER_APPICON_NAME = AppIcon;
				INFOPLIST_FILE = "Sound Shaker/Info.plist";
				LD_RUNPATH_SEARCH_PATHS = "$(inherited) @executable_path/Frameworks";
				PRODUCT_BUNDLE_IDENTIFIER = "com.jothi.Sound-Shaker";
				PRODUCT_NAME = "$(TARGET_NAME)";
				SWIFT_VERSION = 3.0;
			};
			name = Release;
		};
/* End XCBuildConfiguration section */

/* Begin XCConfigurationList section */
		94EDC6F21F0941B300C6D71C /* Build configuration list for PBXProject "Sound Shaker" */ = {
			isa = XCConfigurationList;
			buildConfigurations = (
				94EDC7071F0941B300C6D71C /* Debug */,
				94EDC7081F0941B300C6D71C /* Release */,
			);
			defaultConfigurationIsVisible = 0;
			defaultConfigurationName = Release;
		};
		94EDC7091F0941B300C6D71C /* Build configuration list for PBXNativeTarget "Sound Shaker" */ = {
			isa = XCConfigurationList;
			buildConfigurations = (
				94EDC70A1F0941B300C6D71C /* Debug */,
				94EDC70B1F0941B300C6D71C /* Release */,
			);
			defaultConfigurationIsVisible = 0;
		};
/* End XCConfigurationList section */
	};
	rootObject = 94EDC6EF1F0941B300C6D71C /* Project object */;
}
